<Solution>
  <Project Path="01_MainSubjects/01_MainSubjects.csproj" Id="299a6574-9a13-4d05-be2a-d452f242eb8a" />
  <Project Path="02_Variables/02_Variables.csproj" Id="d1e981a0-4670-4658-b3e8-216668591a9a" />
  <Project Path="03_MakingDecision/03_MakingDecision.csproj" Id="5ae6d557-4272-48bc-bd16-8dd21cae3d38" />
  <Project Path="04_Loops/04_Loops.csproj" Id="caba2d7f-dec6-482c-a570-b5b5074f1acf" />
  <Project Path="05_LoopsWithStars/05_LoopsWithStars.csproj" Id="11a958fc-ae96-40d1-b153-07c7eae12006" />
  <Project Path="06_Arrays/06_Arrays.csproj" Id="595de2f0-962f-49a2-838b-15a3d3ce25d1" />
  <Project Path="07_ForeachLoop/07_ForeachLoop.csproj" Id="33acbf14-7c18-4b97-9aed-727777ce52d5" />
  <Project Path="08_Methods/08_Methods.csproj" Id="ea453b1e-9475-444a-af7e-ce868be3545e" />
</Solution>
